// !$*UTF8*$!
{
	archiveVersion = 1;
	classes = {
	};
	objectVersion = 77;
	objects = {

/* Begin PBXBuildFile section */
		78E844442F3CD55C006B2C7D /* ScannerViewModel.swift in Sources */ = {isa = PBXBuildFile; fileRef = 78E844352F3CD55C006B2C7D /* ScannerViewModel.swift */; };
		78E8444A2F3CD55C006B2C7D /* DashboardView.swift in Sources */ = {isa = PBXBuildFile; fileRef = 78E8443A2F3CD55C006B2C7D /* DashboardView.swift */; };
/* End PBXBuildFile section */

/* Begin PBXContainerItemProxy section */
		78E843D42F3CD22B006B2C7D /* PBXContainerItemProxy */ = {
			isa = PBXContainerItemProxy;
			containerPortal = 78E843BA2F3CD22A006B2C7D /* Project object */;
			proxyType = 1;
			remoteGlobalIDString = 78E843C12F3CD22A006B2C7D;
			remoteInfo = HomeOps;
		};
		78E843DE2F3CD22B006B2C7D /* PBXContainerItemProxy */ = {
			isa = PBXContainerItemProxy;
			containerPortal = 78E843BA2F3CD22A006B2C7D /* Project object */;
			proxyType = 1;
			remoteGlobalIDString = 78E843C12F3CD22A006B2C7D;
			remoteInfo = HomeOps;
		};
/* End PBXContainerItemProxy section */

/* Begin PBXFileReference section */
		78E843C22F3CD22A006B2C7D /* HomeOps.app */ = {isa = PBXFileReference; explicitFileType = wrapper.application; includeInIndex = 0; path = HomeOps.app; sourceTree = BUILT_PRODUCTS_DIR; };
		78E843D32F3CD22B006B2C7D /* HomeOpsTests.xctest */ = {isa = PBXFileReference; explicitFileType = wrapper.cfbundle; includeInIndex = 0; path = HomeOpsTests.xctest; sourceTree = BUILT_PRODUCTS_DIR; };
		78E843DD2F3CD22B006B2C7D /* HomeOpsUITests.xctest */ = {isa = PBXFileReference; explicitFileType = wrapper.cfbundle; includeInIndex = 0; path = HomeOpsUITests.xctest; sourceTree = BUILT_PRODUCTS_DIR; };
		78E844272F3CD4F0006B2C7D /* ContentView.swift */ = {isa = PBXFileReference; lastKnownFileType = sourcecode.swift; path = ContentView.swift; sourceTree = "<group>"; };
		78E844282F3CD4F0006B2C7D /* HomeOpsApp.swift */ = {isa = PBXFileReference; lastKnownFileType = sourcecode.swift; path = HomeOpsApp.swift; sourceTree = "<group>"; };
		78E8442C2F3CD507006B2C7D /* Item.swift */ = {isa = PBXFileReference; lastKnownFileType = sourcecode.swift; path = Item.swift; sourceTree = "<group>"; };
		78E844312F3CD55C006B2C7D /* ImageStore.swift */ = {isa = PBXFileReference; lastKnownFileType = sourcecode.swift; path = ImageStore.swift; sourceTree = "<group>"; };
		78E844322F3CD55C006B2C7D /* NotificationManager.swift */ = {isa = PBXFileReference; lastKnownFileType = sourcecode.swift; path = NotificationManager.swift; sourceTree = "<group>"; };
		78E844342F3CD55C006B2C7D /* InventoryViewModel.swift */ = {isa = PBXFileReference; lastKnownFileType = sourcecode.swift; path = InventoryViewModel.swift; sourceTree = "<group>"; };
		78E844352F3CD55C006B2C7D /* ScannerViewModel.swift */ = {isa = PBXFileReference; lastKnownFileType = sourcecode.swift; path = ScannerViewModel.swift; sourceTree = "<group>"; };
		78E844372F3CD55C006B2C7D /* AddItemView.swift */ = {isa = PBXFileReference; lastKnownFileType = sourcecode.swift; path = AddItemView.swift; sourceTree = "<group>"; };
		78E844382F3CD55C006B2C7D /* ScannerView.swift */ = {isa = PBXFileReference; lastKnownFileType = sourcecode.swift; path = ScannerView.swift; sourceTree = "<group>"; };
		78E8443A2F3CD55C006B2C7D /* DashboardView.swift */ = {isa = PBXFileReference; lastKnownFileType = sourcecode.swift; path = DashboardView.swift; sourceTree = "<group>"; };
		78E8443B2F3CD55C006B2C7D /* ItemRowView.swift */ = {isa = PBXFileReference; lastKnownFileType = sourcecode.swift; path = ItemRowView.swift; sourceTree = "<group>"; };
		78E8443D2F3CD55C006B2C7D /* ItemDetailView.swift */ = {isa = PBXFileReference; lastKnownFileType = sourcecode.swift; path = ItemDetailView.swift; sourceTree = "<group>"; };
		78E8443F2F3CD55C006B2C7D /* SettingsView.swift */ = {isa = PBXFileReference; lastKnownFileType = sourcecode.swift; path = SettingsView.swift; sourceTree = "<group>"; };
/* End PBXFileReference section */

/* Begin PBXFileSystemSynchronizedBuildFileExceptionSet section */
		78E843E52F3CD22B006B2C7D /* Exceptions for "HomeOps" folder in "HomeOps" target */ = {
			isa = PBXFileSystemSynchronizedBuildFileExceptionSet;
			membershipExceptions = (
				Info.plist,
				ViewModels/ScannerViewModel.swift,
				Views/Dashboard/DashboardView.swift,
			);
			target = 78E843C12F3CD22A006B2C7D /* HomeOps */;
		};
/* End PBXFileSystemSynchronizedBuildFileExceptionSet section */

/* Begin PBXFileSystemSynchronizedRootGroup section */
		78E843C42F3CD22A006B2C7D /* HomeOps */ = {
			isa = PBXFileSystemSynchronizedRootGroup;
			exceptions = (
				78E843E52F3CD22B006B2C7D /* Exceptions for "HomeOps" folder in "HomeOps" target */,
			);
			path = HomeOps;
			sourceTree = "<group>";
		};
		78E843D62F3CD22B006B2C7D /* HomeOpsTests */ = {
			isa = PBXFileSystemSynchronizedRootGroup;
			path = HomeOpsTests;
			sourceTree = "<group>";
		};
		78E843E02F3CD22B006B2C7D /* HomeOpsUITests */ = {
			isa = PBXFileSystemSynchronizedRootGroup;
			path = HomeOpsUITests;
			sourceTree = "<group>";
		};
/* End PBXFileSystemSynchronizedRootGroup section */

/* Begin PBXFrameworksBuildPhase section */
		78E843BF2F3CD22A006B2C7D /* Frameworks */ = {
			isa = PBXFrameworksBuildPhase;
			buildActionMask = 2147483647;
			files = (
			);
			runOnlyForDeploymentPostprocessing = 0;
		};
		78E843D02F3CD22B006B2C7D /* Frameworks */ = {
			isa = PBXFrameworksBuildPhase;
			buildActionMask = 2147483647;
			files = (
			);
			runOnlyForDeploymentPostprocessing = 0;
		};
		78E843DA2F3CD22B006B2C7D /* Frameworks */ = {
			isa = PBXFrameworksBuildPhase;
			buildActionMask = 2147483647;
			files = (
			);
			runOnlyForDeploymentPostprocessing = 0;
		};
/* End PBXFrameworksBuildPhase section */

/* Begin PBXGroup section */
		78E843B92F3CD22A006B2C7D = {
			isa = PBXGroup;
			children = (
				78E844302F3CD55C006B2C7D /* Resources */,
				78E844332F3CD55C006B2C7D /* Services */,
				78E844362F3CD55C006B2C7D /* ViewModels */,
				78E844412F3CD55C006B2C7D /* Views */,
				78E8442D2F3CD507006B2C7D /* Models */,
				78E844292F3CD4F0006B2C7D /* App */,
				78E843C42F3CD22A006B2C7D /* HomeOps */,
				78E843D62F3CD22B006B2C7D /* HomeOpsTests */,
				78E843E02F3CD22B006B2C7D /* HomeOpsUITests */,
				78E843C32F3CD22A006B2C7D /* Products */,
			);
			sourceTree = "<group>";
		};
		78E843C32F3CD22A006B2C7D /* Products */ = {
			isa = PBXGroup;
			children = (
				78E843C22F3CD22A006B2C7D /* HomeOps.app */,
				78E843D32F3CD22B006B2C7D /* HomeOpsTests.xctest */,
				78E843DD2F3CD22B006B2C7D /* HomeOpsUITests.xctest */,
			);
			name = Products;
			sourceTree = "<group>";
		};
		78E844292F3CD4F0006B2C7D /* App */ = {
			isa = PBXGroup;
			children = (
				78E844272F3CD4F0006B2C7D /* ContentView.swift */,
				78E844282F3CD4F0006B2C7D /* HomeOpsApp.swift */,
			);
			path = App;
			sourceTree = "<group>";
		};
		78E8442D2F3CD507006B2C7D /* Models */ = {
			isa = PBXGroup;
			children = (
				78E8442C2F3CD507006B2C7D /* Item.swift */,
			);
			path = Models;
			sourceTree = "<group>";
		};
		78E8442F2F3CD55C006B2C7D /* Preview Content */ = {
			isa = PBXGroup;
			children = (
			);
			path = "Preview Content";
			sourceTree = "<group>";
		};
		78E844302F3CD55C006B2C7D /* Resources */ = {
			isa = PBXGroup;
			children = (
				78E8442F2F3CD55C006B2C7D /* Preview Content */,
			);
			path = Resources;
			sourceTree = "<group>";
		};
		78E844332F3CD55C006B2C7D /* Services */ = {
			isa = PBXGroup;
			children = (
				78E844312F3CD55C006B2C7D /* ImageStore.swift */,
				78E844322F3CD55C006B2C7D /* NotificationManager.swift */,
			);
			path = Services;
			sourceTree = "<group>";
		};
		78E844362F3CD55C006B2C7D /* ViewModels */ = {
			isa = PBXGroup;
			children = (
				78E844342F3CD55C006B2C7D /* InventoryViewModel.swift */,
				78E844352F3CD55C006B2C7D /* ScannerViewModel.swift */,
			);
			path = ViewModels;
			sourceTree = "<group>";
		};
		78E844392F3CD55C006B2C7D /* AddItem */ = {
			isa = PBXGroup;
			children = (
				78E844372F3CD55C006B2C7D /* AddItemView.swift */,
				78E844382F3CD55C006B2C7D /* ScannerView.swift */,
			);
			path = AddItem;
			sourceTree = "<group>";
		};
		78E8443C2F3CD55C006B2C7D /* Dashboard */ = {
			isa = PBXGroup;
			children = (
				78E8443A2F3CD55C006B2C7D /* DashboardView.swift */,
				78E8443B2F3CD55C006B2C7D /* ItemRowView.swift */,
			);
			path = Dashboard;
			sourceTree = "<group>";
		};
		78E8443E2F3CD55C006B2C7D /* Detail */ = {
			isa = PBXGroup;
			children = (
				78E8443D2F3CD55C006B2C7D /* ItemDetailView.swift */,
			);
			path = Detail;
			sourceTree = "<group>";
		};
		78E844402F3CD55C006B2C7D /* Settings */ = {
			isa = PBXGroup;
			children = (
				78E8443F2F3CD55C006B2C7D /* SettingsView.swift */,
			);
			path = Settings;
			sourceTree = "<group>";
		};
		78E844412F3CD55C006B2C7D /* Views */ = {
			isa = PBXGroup;
			children = (
				78E844392F3CD55C006B2C7D /* AddItem */,
				78E8443C2F3CD55C006B2C7D /* Dashboard */,
				78E8443E2F3CD55C006B2C7D /* Detail */,
				78E844402F3CD55C006B2C7D /* Settings */,
			);
			path = Views;
			sourceTree = "<group>";
		};
/* End PBXGroup section */

/* Begin PBXNativeTarget section */
		78E843C12F3CD22A006B2C7D /* HomeOps */ = {
			isa = PBXNativeTarget;
			buildConfigurationList = 78E843E62F3CD22B006B2C7D /* Build configuration list for PBXNativeTarget "HomeOps" */;
			buildPhases = (
				78E843BE2F3CD22A006B2C7D /* Sources */,
				78E843BF2F3CD22A006B2C7D /* Frameworks */,
				78E843C02F3CD22A006B2C7D /* Resources */,
			);
			buildRules = (
			);
			dependencies = (
			);
			fileSystemSynchronizedGroups = (
				78E843C42F3CD22A006B2C7D /* HomeOps */,
			);
			name = HomeOps;
			packageProductDependencies = (
			);
			productName = HomeOps;
			productReference = 78E843C22F3CD22A006B2C7D /* HomeOps.app */;
			productType = "com.apple.product-type.application";
		};
		78E843D22F3CD22B006B2C7D /* HomeOpsTests */ = {
			isa = PBXNativeTarget;
			buildConfigurationList = 78E843EB2F3CD22B006B2C7D /* Build configuration list for PBXNativeTarget "HomeOpsTests" */;
			buildPhases = (
				78E843CF2F3CD22B006B2C7D /* Sources */,
				78E843D02F3CD22B006B2C7D /* Frameworks */,
				78E843D12F3CD22B006B2C7D /* Resources */,
			);
			buildRules = (
			);
			dependencies = (
				78E843D52F3CD22B006B2C7D /* PBXTargetDependency */,
			);
			fileSystemSynchronizedGroups = (
				78E843D62F3CD22B006B2C7D /* HomeOpsTests */,
			);
			name = HomeOpsTests;
			packageProductDependencies = (
			);
			productName = HomeOpsTests;
			productReference = 78E843D32F3CD22B006B2C7D /* HomeOpsTests.xctest */;
			productType = "com.apple.product-type.bundle.unit-test";
		};
		78E843DC2F3CD22B006B2C7D /* HomeOpsUITests */ = {
			isa = PBXNativeTarget;
			buildConfigurationList = 78E843EE2F3CD22B006B2C7D /* Build configuration list for PBXNativeTarget "HomeOpsUITests" */;
			buildPhases = (
				78E843D92F3CD22B006B2C7D /* Sources */,
				78E843DA2F3CD22B006B2C7D /* Frameworks */,
				78E843DB2F3CD22B006B2C7D /* Resources */,
			);
			buildRules = (
			);
			dependencies = (
				78E843DF2F3CD22B006B2C7D /* PBXTargetDependency */,
			);
			fileSystemSynchronizedGroups = (
				78E843E02F3CD22B006B2C7D /* HomeOpsUITests */,
			);
			name = HomeOpsUITests;
			packageProductDependencies = (
			);
			productName = HomeOpsUITests;
			productReference = 78E843DD2F3CD22B006B2C7D /* HomeOpsUITests.xctest */;
			productType = "com.apple.product-type.bundle.ui-testing";
		};
/* End PBXNativeTarget section */

/* Begin PBXProject section */
		78E843BA2F3CD22A006B2C7D /* Project object */ = {
			isa = PBXProject;
			attributes = {
				BuildIndependentTargetsInParallel = 1;
				LastSwiftUpdateCheck = 2620;
				LastUpgradeCheck = 2620;
				TargetAttributes = {
					78E843C12F3CD22A006B2C7D = {
						CreatedOnToolsVersion = 26.2;
					};
					78E843D22F3CD22B006B2C7D = {
						CreatedOnToolsVersion = 26.2;
						TestTargetID = 78E843C12F3CD22A006B2C7D;
					};
					78E843DC2F3CD22B006B2C7D = {
						CreatedOnToolsVersion = 26.2;
						TestTargetID = 78E843C12F3CD22A006B2C7D;
					};
				};
			};
			buildConfigurationList = 78E843BD2F3CD22A006B2C7D /* Build configuration list for PBXProject "HomeOps" */;
			developmentRegion = en;
			hasScannedForEncodings = 0;
			knownRegions = (
				en,
				Base,
			);
			mainGroup = 78E843B92F3CD22A006B2C7D;
			minimizedProjectReferenceProxies = 1;
			preferredProjectObjectVersion = 77;
			productRefGroup = 78E843C32F3CD22A006B2C7D /* Products */;
			projectDirPath = "";
			projectRoot = "";
			targets = (
				78E843C12F3CD22A006B2C7D /* HomeOps */,
				78E843D22F3CD22B006B2C7D /* HomeOpsTests */,
				78E843DC2F3CD22B006B2C7D /* HomeOpsUITests */,
			);
		};
/* End PBXProject section */

/* Begin PBXResourcesBuildPhase section */
		78E843C02F3CD22A006B2C7D /* Resources */ = {
			isa = PBXResourcesBuildPhase;
			buildActionMask = 2147483647;
			files = (
			);
			runOnlyForDeploymentPostprocessing = 0;
		};
		78E843D12F3CD22B006B2C7D /* Resources */ = {
			isa = PBXResourcesBuildPhase;
			buildActionMask = 2147483647;
			files = (
			);
			runOnlyForDeploymentPostprocessing = 0;
		};
		78E843DB2F3CD22B006B2C7D /* Resources */ = {
			isa = PBXResourcesBuildPhase;
			buildActionMask = 2147483647;
			files = (
			);
			runOnlyForDeploymentPostprocessing = 0;
		};
/* End PBXResourcesBuildPhase section */

/* Begin PBXSourcesBuildPhase section */
		78E843BE2F3CD22A006B2C7D /* Sources */ = {
			isa = PBXSourcesBuildPhase;
			buildActionMask = 2147483647;
			files = (
				78E844442F3CD55C006B2C7D /* ScannerViewModel.swift in Sources */,
				78E8444A2F3CD55C006B2C7D /* DashboardView.swift in Sources */,
			);
			runOnlyForDeploymentPostprocessing = 0;
		};
		78E843CF2F3CD22B006B2C7D /* Sources */ = {
			isa = PBXSourcesBuildPhase;
			buildActionMask = 2147483647;
			files = (
			);
			runOnlyForDeploymentPostprocessing = 0;
		};
		78E843D92F3CD22B006B2C7D /* Sources */ = {
			isa = PBXSourcesBuildPhase;
			buildActionMask = 2147483647;
			files = (
			);
			runOnlyForDeploymentPostprocessing = 0;
		};
/* End PBXSourcesBuildPhase section */

/* Begin PBXTargetDependency section */
		78E843D52F3CD22B006B2C7D /* PBXTargetDependency */ = {
			isa = PBXTargetDependency;
			target = 78E843C12F3CD22A006B2C7D /* HomeOps */;
			targetProxy = 78E843D42F3CD22B006B2C7D /* PBXContainerItemProxy */;
		};
		78E843DF2F3CD22B006B2C7D /* PBXTargetDependency */ = {
			isa = PBXTargetDependency;
			target = 78E843C12F3CD22A006B2C7D /* HomeOps */;
			targetProxy = 78E843DE2F3CD22B006B2C7D /* PBXContainerItemProxy */;
		};
/* End PBXTargetDependency section */

/* Begin XCBuildConfiguration section */
		78E843E72F3CD22B006B2C7D /* Debug */ = {
			isa = XCBuildConfiguration;
			buildSettings = {
				ASSETCATALOG_COMPILER_APPICON_NAME = AppIcon;
				ASSETCATALOG_COMPILER_GLOBAL_ACCENT_COLOR_NAME = AccentColor;
				CODE_SIGN_STYLE = Automatic;
				CURRENT_PROJECT_VERSION = 1;
				DEVELOPMENT_TEAM = 2TH2W66BGJ;
				ENABLE_APP_SANDBOX = YES;
				ENABLE_HARDENED_RUNTIME = YES;
				ENABLE_PREVIEWS = YES;
				ENABLE_USER_SELECTED_FILES = readonly;
				GENERATE_INFOPLIST_FILE = YES;
				INFOPLIST_FILE = HomeOps/Info.plist;
				"INFOPLIST_KEY_UIApplicationSceneManifest_Generation[sdk=iphoneos*]" = YES;
				"INFOPLIST_KEY_UIApplicationSceneManifest_Generation[sdk=iphonesimulator*]" = YES;
				"INFOPLIST_KEY_UIApplicationSupportsIndirectInputEvents[sdk=iphoneos*]" = YES;
				"INFOPLIST_KEY_UIApplicationSupportsIndirectInputEvents[sdk=iphonesimulator*]" = YES;
				"INFOPLIST_KEY_UILaunchScreen_Generation[sdk=iphoneos*]" = YES;
				"INFOPLIST_KEY_UILaunchScreen_Generation[sdk=iphonesimulator*]" = YES;
				"INFOPLIST_KEY_UIStatusBarStyle[sdk=iphoneos*]" = UIStatusBarStyleDefault;
				"INFOPLIST_KEY_UIStatusBarStyle[sdk=iphonesimulator*]" = UIStatusBarStyleDefault;
				INFOPLIST_KEY_UISupportedInterfaceOrientations_iPad = "UIInterfaceOrientationPortrait UIInterfaceOrientationPortraitUpsideDown UIInterfaceOrientationLandscapeLeft UIInterfaceOrientationLandscapeRight";
				INFOPLIST_KEY_UISupportedInterfaceOrientations_iPhone = "UIInterfaceOrientationPortrait UIInterfaceOrientationLandscapeLeft UIInterfaceOrientationLandscapeRight";
				IPHONEOS_DEPLOYMENT_TARGET = 26.2;
				LD_RUNPATH_SEARCH_PATHS = "@executable_path/Frameworks";
				"LD_RUNPATH_SEARCH_PATHS[sdk=macosx*]" = "@executable_path/../Frameworks";
				MACOSX_DEPLOYMENT_TARGET = 15.6;
				MARKETING_VERSION = 1.0;
				PRODUCT_BUNDLE_IDENTIFIER = kowshik.HomeOps;
				PRODUCT_NAME = "$(TARGET_NAME)";
				REGISTER_APP_GROUPS = YES;
				SDKROOT = auto;
				STRING_CATALOG_GENERATE_SYMBOLS = YES;
				SUPPORTED_PLATFORMS = "iphoneos iphonesimulator macosx xros xrsimulator";
				SWIFT_APPROACHABLE_CONCURRENCY = YES;
				SWIFT_DEFAULT_ACTOR_ISOLATION = MainActor;
				SWIFT_EMIT_LOC_STRINGS = YES;
				SWIFT_UPCOMING_FEATURE_MEMBER_IMPORT_VISIBILITY = YES;
				SWIFT_VERSION = 5.0;
				TARGETED_DEVICE_FAMILY = "1,2,7";
				XROS_DEPLOYMENT_TARGET = 26.2;
			};
			name = Debug;
		};
		78E843E82F3CD22B006B2C7D /* Release */ = {
			isa = XCBuildConfiguration;
			buildSettings = {
				ASSETCATALOG_COMPILER_APPICON_NAME = AppIcon;
				ASSETCATALOG_COMPILER_GLOBAL_ACCENT_COLOR_NAME = AccentColor;
				CODE_SIGN_STYLE = Automatic;
				CURRENT_PROJECT_VERSION = 1;
				DEVELOPMENT_TEAM = 2TH2W66BGJ;
				ENABLE_APP_SANDBOX = YES;
				ENABLE_HARDENED_RUNTIME = YES;
				ENABLE_PREVIEWS = YES;
				ENABLE_USER_SELECTED_FILES = readonly;
				GENERATE_INFOPLIST_FILE = YES;
				INFOPLIST_FILE = HomeOps/Info.plist;
				"INFOPLIST_KEY_UIApplicationSceneManifest_Generation[sdk=iphoneos*]" = YES;
				"INFOPLIST_KEY_UIApplicationSceneManifest_Generation[sdk=iphonesimulator*]" = YES;
				"INFOPLIST_KEY_UIApplicationSupportsIndirectInputEvents[sdk=iphoneos*]" = YES;
				"INFOPLIST_KEY_UIApplicationSupportsIndirectInputEvents[sdk=iphonesimulator*]" = YES;
				"INFOPLIST_KEY_UILaunchScreen_Generation[sdk=iphoneos*]" = YES;
				"INFOPLIST_KEY_UILaunchScreen_Generation[sdk=iphonesimulator*]" = YES;
				"INFOPLIST_KEY_UIStatusBarStyle[sdk=iphoneos*]" = UIStatusBarStyleDefault;
				"INFOPLIST_KEY_UIStatusBarStyle[sdk=iphonesimulator*]" = UIStatusBarStyleDefault;
				INFOPLIST_KEY_UISupportedInterfaceOrientations_iPad = "UIInterfaceOrientationPortrait UIInterfaceOrientationPortraitUpsideDown UIInterfaceOrientationLandscapeLeft UIInterfaceOrientationLandscapeRight";
				INFOPLIST_KEY_UISupportedInterfaceOrientations_iPhone = "UIInterfaceOrientationPortrait UIInterfaceOrientationLandscapeLeft UIInterfaceOrientationLandscapeRight";
				IPHONEOS_DEPLOYMENT_TARGET = 26.2;
				LD_RUNPATH_SEARCH_PATHS = "@executable_path/Frameworks";
				"LD_RUNPATH_SEARCH_PATHS[sdk=macosx*]" = "@executable_path/../Frameworks";
				MACOSX_DEPLOYMENT_TARGET = 15.6;
				MARKETING_VERSION = 1.0;
				PRODUCT_BUNDLE_IDENTIFIER = kowshik.HomeOps;
				PRODUCT_NAME = "$(TARGET_NAME)";
				REGISTER_APP_GROUPS = YES;
				SDKROOT = auto;
				STRING_CATALOG_GENERATE_SYMBOLS = YES;
				SUPPORTED_PLATFORMS = "iphoneos iphonesimulator macosx xros xrsimulator";
				SWIFT_APPROACHABLE_CONCURRENCY = YES;
				SWIFT_DEFAULT_ACTOR_ISOLATION = MainActor;
				SWIFT_EMIT_LOC_STRINGS = YES;
				SWIFT_UPCOMING_FEATURE_MEMBER_IMPORT_VISIBILITY = YES;
				SWIFT_VERSION = 5.0;
				TARGETED_DEVICE_FAMILY = "1,2,7";
				XROS_DEPLOYMENT_TARGET = 26.2;
			};
			name = Release;
		};
		78E843E92F3CD22B006B2C7D /* Debug */ = {
			isa = XCBuildConfiguration;
			buildSettings = {
				ALWAYS_SEARCH_USER_PATHS = NO;
				ASSETCATALOG_COMPILER_GENERATE_SWIFT_ASSET_SYMBOL_EXTENSIONS = YES;
				CLANG_ANALYZER_NONNULL = YES;
				CLANG_ANALYZER_NUMBER_OBJECT_CONVERSION = YES_AGGRESSIVE;
				CLANG_CXX_LANGUAGE_STANDARD = "gnu++20";
				CLANG_ENABLE_MODULES = YES;
				CLANG_ENABLE_OBJC_ARC = YES;
				CLANG_ENABLE_OBJC_WEAK = YES;
				CLANG_WARN_BLOCK_CAPTURE_AUTORELEASING = YES;
				CLANG_WARN_BOOL_CONVERSION = YES;
				CLANG_WARN_COMMA = YES;
				CLANG_WARN_CONSTANT_CONVERSION = YES;
				CLANG_WARN_DEPRECATED_OBJC_IMPLEMENTATIONS = YES;
				CLANG_WARN_DIRECT_OBJC_ISA_USAGE = YES_ERROR;
				CLANG_WARN_DOCUMENTATION_COMMENTS = YES;
				CLANG_WARN_EMPTY_BODY = YES;
				CLANG_WARN_ENUM_CONVERSION = YES;
				CLANG_WARN_INFINITE_RECURSION = YES;
				CLANG_WARN_INT_CONVERSION = YES;
				CLANG_WARN_NON_LITERAL_NULL_CONVERSION = YES;
				CLANG_WARN_OBJC_IMPLICIT_RETAIN_SELF = YES;
				CLANG_WARN_OBJC_LITERAL_CONVERSION = YES;
				CLANG_WARN_OBJC_ROOT_CLASS = YES_ERROR;
				CLANG_WARN_QUOTED_INCLUDE_IN_FRAMEWORK_HEADER = YES;
				CLANG_WARN_RANGE_LOOP_ANALYSIS = YES;
				CLANG_WARN_STRICT_PROTOTYPES = YES;
				CLANG_WARN_SUSPICIOUS_MOVE = YES;
				CLANG_WARN_UNGUARDED_AVAILABILITY = YES_AGGRESSIVE;
				CLANG_WARN_UNREACHABLE_CODE = YES;
				CLANG_WARN__DUPLICATE_METHOD_MATCH = YES;
				COPY_PHASE_STRIP = NO;
				DEBUG_INFORMATION_FORMAT = dwarf;
				DEVELOPMENT_TEAM = 2TH2W66BGJ;
				ENABLE_STRICT_OBJC_MSGSEND = YES;
				ENABLE_TESTABILITY = YES;
				ENABLE_USER_SCRIPT_SANDBOXING = YES;
				GCC_C_LANGUAGE_STANDARD = gnu17;
				GCC_DYNAMIC_NO_PIC = NO;
				GCC_NO_COMMON_BLOCKS = YES;
				GCC_OPTIMIZATION_LEVEL = 0;
				GCC_PREPROCESSOR_DEFINITIONS = (
					"DEBUG=1",
					"$(inherited)",
				);
				GCC_WARN_64_TO_32_BIT_CONVERSION = YES;
				GCC_WARN_ABOUT_RETURN_TYPE = YES_ERROR;
				GCC_WARN_UNDECLARED_SELECTOR = YES;
				GCC_WARN_UNINITIALIZED_AUTOS = YES_AGGRESSIVE;
				GCC_WARN_UNUSED_FUNCTION = YES;
				GCC_WARN_UNUSED_VARIABLE = YES;
				LOCALIZATION_PREFERS_STRING_CATALOGS = YES;
				MTL_ENABLE_DEBUG_INFO = INCLUDE_SOURCE;
				MTL_FAST_MATH = YES;
				ONLY_ACTIVE_ARCH = YES;
				SWIFT_ACTIVE_COMPILATION_CONDITIONS = "DEBUG $(inherited)";
				SWIFT_OPTIMIZATION_LEVEL = "-Onone";
			};
			name = Debug;
		};
		78E843EA2F3CD22B006B2C7D /* Release */ = {
			isa = XCBuildConfiguration;
			buildSettings = {
				ALWAYS_SEARCH_USER_PATHS = NO;
				ASSETCATALOG_COMPILER_GENERATE_SWIFT_ASSET_SYMBOL_EXTENSIONS = YES;
				CLANG_ANALYZER_NONNULL = YES;
				CLANG_ANALYZER_NUMBER_OBJECT_CONVERSION = YES_AGGRESSIVE;
				CLANG_CXX_LANGUAGE_STANDARD = "gnu++20";
				CLANG_ENABLE_MODULES = YES;
				CLANG_ENABLE_OBJC_ARC = YES;
				CLANG_ENABLE_OBJC_WEAK = YES;
				CLANG_WARN_BLOCK_CAPTURE_AUTORELEASING = YES;
				CLANG_WARN_BOOL_CONVERSION = YES;
				CLANG_WARN_COMMA = YES;
				CLANG_WARN_CONSTANT_CONVERSION = YES;
				CLANG_WARN_DEPRECATED_OBJC_IMPLEMENTATIONS = YES;
				CLANG_WARN_DIRECT_OBJC_ISA_USAGE = YES_ERROR;
				CLANG_WARN_DOCUMENTATION_COMMENTS = YES;
				CLANG_WARN_EMPTY_BODY = YES;
				CLANG_WARN_ENUM_CONVERSION = YES;
				CLANG_WARN_INFINITE_RECURSION = YES;
				CLANG_WARN_INT_CONVERSION = YES;
				CLANG_WARN_NON_LITERAL_NULL_CONVERSION = YES;
				CLANG_WARN_OBJC_IMPLICIT_RETAIN_SELF = YES;
				CLANG_WARN_OBJC_LITERAL_CONVERSION = YES;
				CLANG_WARN_OBJC_ROOT_CLASS = YES_ERROR;
				CLANG_WARN_QUOTED_INCLUDE_IN_FRAMEWORK_HEADER = YES;
				CLANG_WARN_RANGE_LOOP_ANALYSIS = YES;
				CLANG_WARN_STRICT_PROTOTYPES = YES;
				CLANG_WARN_SUSPICIOUS_MOVE = YES;
				CLANG_WARN_UNGUARDED_AVAILABILITY = YES_AGGRESSIVE;
				CLANG_WARN_UNREACHABLE_CODE = YES;
				CLANG_WARN__DUPLICATE_METHOD_MATCH = YES;
				COPY_PHASE_STRIP = NO;
				DEBUG_INFORMATION_FORMAT = "dwarf-with-dsym";
				DEVELOPMENT_TEAM = 2TH2W66BGJ;
				ENABLE_NS_ASSERTIONS = NO;
				ENABLE_STRICT_OBJC_MSGSEND = YES;
				ENABLE_USER_SCRIPT_SANDBOXING = YES;
				GCC_C_LANGUAGE_STANDARD = gnu17;
				GCC_NO_COMMON_BLOCKS = YES;
				GCC_WARN_64_TO_32_BIT_CONVERSION = YES;
				GCC_WARN_ABOUT_RETURN_TYPE = YES_ERROR;
				GCC_WARN_UNDECLARED_SELECTOR = YES;
				GCC_WARN_UNINITIALIZED_AUTOS = YES_AGGRESSIVE;
				GCC_WARN_UNUSED_FUNCTION = YES;
				GCC_WARN_UNUSED_VARIABLE = YES;
				LOCALIZATION_PREFERS_STRING_CATALOGS = YES;
				MTL_ENABLE_DEBUG_INFO = NO;
				MTL_FAST_MATH = YES;
				SWIFT_COMPILATION_MODE = wholemodule;
			};
			name = Release;
		};
		78E843EC2F3CD22B006B2C7D /* Debug */ = {
			isa = XCBuildConfiguration;
			buildSettings = {
				BUNDLE_LOADER = "$(TEST_HOST)";
				CODE_SIGN_STYLE = Automatic;
				CURRENT_PROJECT_VERSION = 1;
				DEVELOPMENT_TEAM = 2TH2W66BGJ;
				GENERATE_INFOPLIST_FILE = YES;
				IPHONEOS_DEPLOYMENT_TARGET = 26.2;
				MACOSX_DEPLOYMENT_TARGET = 15.6;
				MARKETING_VERSION = 1.0;
				PRODUCT_BUNDLE_IDENTIFIER = kowshik.HomeOpsTests;
				PRODUCT_NAME = "$(TARGET_NAME)";
				SDKROOT = auto;
				STRING_CATALOG_GENERATE_SYMBOLS = NO;
				SUPPORTED_PLATFORMS = "iphoneos iphonesimulator macosx xros xrsimulator";
				SWIFT_APPROACHABLE_CONCURRENCY = YES;
				SWIFT_EMIT_LOC_STRINGS = NO;
				SWIFT_UPCOMING_FEATURE_MEMBER_IMPORT_VISIBILITY = YES;
				SWIFT_VERSION = 5.0;
				TARGETED_DEVICE_FAMILY = "1,2,7";
				TEST_HOST = "$(BUILT_PRODUCTS_DIR)/HomeOps.app/$(BUNDLE_EXECUTABLE_FOLDER_PATH)/HomeOps";
				XROS_DEPLOYMENT_TARGET = 26.2;
			};
			name = Debug;
		};
		78E843ED2F3CD22B006B2C7D /* Release */ = {
			isa = XCBuildConfiguration;
			buildSettings = {
				BUNDLE_LOADER = "$(TEST_HOST)";
				CODE_SIGN_STYLE = Automatic;
				CURRENT_PROJECT_VERSION = 1;
				DEVELOPMENT_TEAM = 2TH2W66BGJ;
				GENERATE_INFOPLIST_FILE = YES;
				IPHONEOS_DEPLOYMENT_TARGET = 26.2;
				MACOSX_DEPLOYMENT_TARGET = 15.6;
				MARKETING_VERSION = 1.0;
				PRODUCT_BUNDLE_IDENTIFIER = kowshik.HomeOpsTests;
				PRODUCT_NAME = "$(TARGET_NAME)";
				SDKROOT = auto;
				STRING_CATALOG_GENERATE_SYMBOLS = NO;
				SUPPORTED_PLATFORMS = "iphoneos iphonesimulator macosx xros xrsimulator";
				SWIFT_APPROACHABLE_CONCURRENCY = YES;
				SWIFT_EMIT_LOC_STRINGS = NO;
				SWIFT_UPCOMING_FEATURE_MEMBER_IMPORT_VISIBILITY = YES;
				SWIFT_VERSION = 5.0;
				TARGETED_DEVICE_FAMILY = "1,2,7";
				TEST_HOST = "$(BUILT_PRODUCTS_DIR)/HomeOps.app/$(BUNDLE_EXECUTABLE_FOLDER_PATH)/HomeOps";
				XROS_DEPLOYMENT_TARGET = 26.2;
			};
			name = Release;
		};
		78E843EF2F3CD22B006B2C7D /* Debug */ = {
			isa = XCBuildConfiguration;
			buildSettings = {
				CODE_SIGN_STYLE = Automatic;
				CURRENT_PROJECT_VERSION = 1;
				DEVELOPMENT_TEAM = 2TH2W66BGJ;
				GENERATE_INFOPLIST_FILE = YES;
				IPHONEOS_DEPLOYMENT_TARGET = 26.2;
				MACOSX_DEPLOYMENT_TARGET = 15.6;
				MARKETING_VERSION = 1.0;
				PRODUCT_BUNDLE_IDENTIFIER = kowshik.HomeOpsUITests;
				PRODUCT_NAME = "$(TARGET_NAME)";
				SDKROOT = auto;
				STRING_CATALOG_GENERATE_SYMBOLS = NO;
				SUPPORTED_PLATFORMS = "iphoneos iphonesimulator macosx xros xrsimulator";
				SWIFT_APPROACHABLE_CONCURRENCY = YES;
				SWIFT_EMIT_LOC_STRINGS = NO;
				SWIFT_UPCOMING_FEATURE_MEMBER_IMPORT_VISIBILITY = YES;
				SWIFT_VERSION = 5.0;
				TARGETED_DEVICE_FAMILY = "1,2,7";
				TEST_TARGET_NAME = HomeOps;
				XROS_DEPLOYMENT_TARGET = 26.2;
			};
			name = Debug;
		};
		78E843F02F3CD22B006B2C7D /* Release */ = {
			isa = XCBuildConfiguration;
			buildSettings = {
				CODE_SIGN_STYLE = Automatic;
				CURRENT_PROJECT_VERSION = 1;
				DEVELOPMENT_TEAM = 2TH2W66BGJ;
				GENERATE_INFOPLIST_FILE = YES;
				IPHONEOS_DEPLOYMENT_TARGET = 26.2;
				MACOSX_DEPLOYMENT_TARGET = 15.6;
				MARKETING_VERSION = 1.0;
				PRODUCT_BUNDLE_IDENTIFIER = kowshik.HomeOpsUITests;
				PRODUCT_NAME = "$(TARGET_NAME)";
				SDKROOT = auto;
				STRING_CATALOG_GENERATE_SYMBOLS = NO;
				SUPPORTED_PLATFORMS = "iphoneos iphonesimulator macosx xros xrsimulator";
				SWIFT_APPROACHABLE_CONCURRENCY = YES;
				SWIFT_EMIT_LOC_STRINGS = NO;
				SWIFT_UPCOMING_FEATURE_MEMBER_IMPORT_VISIBILITY = YES;
				SWIFT_VERSION = 5.0;
				TARGETED_DEVICE_FAMILY = "1,2,7";
				TEST_TARGET_NAME = HomeOps;
				XROS_DEPLOYMENT_TARGET = 26.2;
			};
			name = Release;
		};
/* End XCBuildConfiguration section */

/* Begin XCConfigurationList section */
		78E843BD2F3CD22A006B2C7D /* Build configuration list for PBXProject "HomeOps" */ = {
			isa = XCConfigurationList;
			buildConfigurations = (
				78E843E92F3CD22B006B2C7D /* Debug */,
				78E843EA2F3CD22B006B2C7D /* Release */,
			);
			defaultConfigurationIsVisible = 0;
			defaultConfigurationName = Release;
		};
		78E843E62F3CD22B006B2C7D /* Build configuration list for PBXNativeTarget "HomeOps" */ = {
			isa = XCConfigurationList;
			buildConfigurations = (
				78E843E72F3CD22B006B2C7D /* Debug */,
				78E843E82F3CD22B006B2C7D /* Release */,
			);
			defaultConfigurationIsVisible = 0;
			defaultConfigurationName = Release;
		};
		78E843EB2F3CD22B006B2C7D /* Build configuration list for PBXNativeTarget "HomeOpsTests" */ = {
			isa = XCConfigurationList;
			buildConfigurations = (
				78E843EC2F3CD22B006B2C7D /* Debug */,
				78E843ED2F3CD22B006B2C7D /* Release */,
			);
			defaultConfigurationIsVisible = 0;
			defaultConfigurationName = Release;
		};
		78E843EE2F3CD22B006B2C7D /* Build configuration list for PBXNativeTarget "HomeOpsUITests" */ = {
			isa = XCConfigurationList;
			buildConfigurations = (
				78E843EF2F3CD22B006B2C7D /* Debug */,
				78E843F02F3CD22B006B2C7D /* Release */,
			);
			defaultConfigurationIsVisible = 0;
			defaultConfigurationName = Release;
		};
/* End XCConfigurationList section */
	};
	rootObject = 78E843BA2F3CD22A006B2C7D /* Project object */;
}
